
Microsoft Visual Studio Solution File, Format Version 12.00
# Visual Studio Version 17
VisualStudioVersion = 17.0.32112.339
MinimumVisualStudioVersion = 10.0.40219.1
Project("{FAE04EC0-301F-11D3-BF4B-00C04F79EFBC}") = "LAB-01-02-22-BABEL", "LAB-01-02-22-BABEL\LAB-01-02-22-BABEL.csproj", "{2A9E9BA3-7094-40A5-8E82-D2D153B818BB}"
EndProject
Global
	GlobalSection(SolutionConfigurationPlatforms) = preSolution
		Debug|Any CPU = Debug|Any CPU
		Release|Any CPU = Release|Any CPU
	EndGlobalSection
	GlobalSection(ProjectConfigurationPlatforms) = postSolution
		{2A9E9BA3-7094-40A5-8E82-D2D153B818BB}.Debug|Any CPU.ActiveCfg = Debug|Any CPU
		{2A9E9BA3-7094-40A5-8E82-D2D153B818BB}.Debug|Any CPU.Build.0 = Debug|Any CPU
		{2A9E9BA3-7094-40A5-8E82-D2D153B818BB}.Release|Any CPU.ActiveCfg = Release|Any CPU
		{2A9E9BA3-7094-40A5-8E82-D2D153B818BB}.Release|Any CPU.Build.0 = Release|Any CPU
	EndGlobalSection
	GlobalSection(SolutionProperties) = preSolution
		HideSolutionNode = FALSE
	EndGlobalSection
	GlobalSection(ExtensibilityGlobals) = postSolution
		SolutionGuid = {CBB6A675-1299-42AC-BBB2-9377AC42CD1B}
	EndGlobalSection
EndGlobal
